<Solution>
  <Folder Name="/1 Simple/">
    <Project Path="AgentFx01/AgentFx01.csproj" />
    <Project Path="AgentFx02/AgentFx02.csproj" />
  </Folder>
  <Folder Name="/2 AI Foundry/">
    <Project Path="AgentFx-AIFoundry-01/AgentFx-AIFoundry-01.csproj" />
    <Project Path="AgentFx-AIFoundry-02/AgentFx-AIFoundry-02.csproj" Id="02af80b1-1530-4a9a-8ba5-26a237f8b9fd" />
  </Folder>
  <Folder Name="/3 Ollama/">
    <Project Path="AgentFx-Ollama-01/AgentFx-Ollama-01.csproj" />
  </Folder>
  <Folder Name="/4 Image Generation/">
    <Project Path="AgentFx-ImageGen-01/AgentFx-ImageGen-01.csproj" Id="25c06364-ad74-420c-96af-f607d96fa496" />
    <Project Path="AgentFx-ImageGen-02/AgentFx-ImageGen-02.csproj" Id="5c192bf7-4138-464e-8149-05d91ae7f24d" />
  </Folder>
  <Folder Name="/5 MultiModel Agents/">
    <Project Path="AgentFx-MultiAgents/AgentFx-MultiAgents.csproj" Id="80a4fb26-9e52-44b0-8980-a8b2cac436d4" />
    <Project Path="AgentFx-MultiModel/AgentFx-MultiModel.csproj" />
  </Folder>
  <Folder Name="/6 Background Responses/">
    <Project Path="AgentFx-BackgroundResponses-01-Simple/AgentFx-BackgroundResponses-01-Simple.csproj" Id="69a8fc80-9f2e-41db-8388-c5fdc4fe1328" />
    <Project Path="AgentFx-BackgroundResponses-02-Tools/AgentFx-BackgroundResponses-02-Tools.csproj" Id="a8c55714-88d3-4fdf-bb0f-3a1dbaf0bf3e" />
    <Project Path="AgentFx-BackgroundResponses-03-Complex/AgentFx-BackgroundResponses-03-Complex.csproj" Id="d02a14d8-3d2d-444b-a907-4bddf28614fe" />
  </Folder>
  <Folder Name="/7 Persisting Conversations/">
    <Project Path="AgentFx-Persisting-01-Simple/AgentFx-Persisting-01-Simple.csproj" Id="cbce1a16-7258-4d75-af26-725d6c0c5ab4" />
    <Project Path="AgentFx-Persisting-02-Menu/AgentFx-Persisting-02-Menu.csproj" Id="b7e2e2c1-4e2a-4e2b-9e2c-2e2d2e2e2e2f" />
  </Folder>
</Solution>
